{
  "nodes": {
    "nixpkgs": {
      "locked": {
        "lastModified": 1790822859,
        "narHash": "sha256-69xHQhAeMAD2wDXO7T2pcOZIF9Sga2W+JkmY2a11Ops=",
        "owner": "NixOS",
        "repo": "nixpkgs",
        "rev": "c59305bab2065cfecc4944690d9eedbb56f3a9fa",
        "type": "github"
      },
      "original": {
        "owner": "NixOS",
        "ref": "nixos-unstable",
        "repo": "nixpkgs",
        "type": "github"
      }
    },
    "nixpkgs-darwin-x64": {
      "locked": {
        "lastModified": 1791244311,
        "narHash": "sha256-cy5PsNucfXU5+KtLR+S9/zdkWOUplhL5Xr0LQWhSYbs=",
        "owner": "NixOS",
        "repo": "nixpkgs",
        "rev": "2bd3427b41d10b8318383195efe502ed1baca6cd",
        "type": "github"
      },
      "original": {
        "owner": "NixOS",
        "ref": "nixpkgs-26.05-darwin",
        "repo": "nixpkgs",
        "type": "github"
      }
    },
    "pi": {
      "inputs": {
        "nixpkgs": [
          "nixpkgs"
        ],
        "nixpkgs-darwin-x64": "nixpkgs-darwin-x64"
      },
      "locked": {
        "lastModified": 1791228169,
        "narHash": "sha256-twDmQRr7vsrYzhS8o3TrlqdBzRFCbOOn/4hbCXD/u3Q=",
        "owner": "earendil-works",
        "repo": "pi",
        "rev": "7c10bd4337495ee613f2224843ecdf349b80d1df",
        "type": "github"
      },
      "original": {
        "owner": "earendil-works",
        "ref": "stable",
        "repo": "pi",
        "type": "github"
      }
    },
    "root": {
      "inputs": {
        "nixpkgs": "nixpkgs",
        "pi": "pi"
      }
    }
  },
  "root": "root",
  "version": 7
}
