{
  "nodes": {
    "codesieve": {
      "inputs": {
        "flake-utils": "flake-utils",
        "nixpkgs": [
          "nixpkgs"
        ]
      },
      "locked": {
        "lastModified": 1777293884,
        "narHash": "sha256-/qKDl5t37jEfc3pLndTPFOdLLennSPmbZuYSFzoJIqA=",
        "owner": "pusherofbrooms",
        "repo": "codesieve",
        "rev": "0d98423770b8bdbf6acaf4aa3102ceaabbe5c6ef",
        "type": "github"
      },
      "original": {
        "owner": "pusherofbrooms",
        "repo": "codesieve",
        "type": "github"
      }
    },
    "flake-utils": {
      "inputs": {
        "systems": "systems"
      },
      "locked": {
        "lastModified": 1731533236,
        "narHash": "sha256-l0KFg5HjrsfsO/JpG+r7fRrqm12kzFHyUHqHCVpMMbI=",
        "owner": "numtide",
        "repo": "flake-utils",
        "rev": "11707dc2f618dd54ca8739b309ec4fc024de578b",
        "type": "github"
      },
      "original": {
        "owner": "numtide",
        "repo": "flake-utils",
        "type": "github"
      }
    },
    "flake-utils_2": {
      "inputs": {
        "systems": "systems_2"
      },
      "locked": {
        "lastModified": 1731533236,
        "narHash": "sha256-l0KFg5HjrsfsO/JpG+r7fRrqm12kzFHyUHqHCVpMMbI=",
        "owner": "numtide",
        "repo": "flake-utils",
        "rev": "11707dc2f618dd54ca8739b309ec4fc024de578b",
        "type": "github"
      },
      "original": {
        "owner": "numtide",
        "repo": "flake-utils",
        "type": "github"
      }
    },
    "nixpkgs": {
      "locked": {
        "lastModified": 1784796856,
        "narHash": "sha256-wWFrV5/Qbm+lyt5x20E/bSbfJiGKMo4RCxZV8cl/WZI=",
        "owner": "NixOS",
        "repo": "nixpkgs",
        "rev": "e2587caef70cea85dd97d7daab492899902dbf5d",
        "type": "github"
      },
      "original": {
        "owner": "NixOS",
        "ref": "nixos-unstable",
        "repo": "nixpkgs",
        "type": "github"
      }
    },
    "pi": {
      "inputs": {
        "flake-utils": "flake-utils_2",
        "nixpkgs": [
          "nixpkgs"
        ],
        "pi-ai-release": "pi-ai-release",
        "pi-mono": "pi-mono"
      },
      "locked": {
        "lastModified": 1784917125,
        "narHash": "sha256-PmxouIxBz+VEDE4fZ7nN6t3e+TOr002tPJRV+P0BHb4=",
        "owner": "pusherofbrooms",
        "repo": "pi-mono-nix",
        "rev": "0a2ae73b409abe0fa17ca548a9d81d5c2866cbf1",
        "type": "github"
      },
      "original": {
        "owner": "pusherofbrooms",
        "repo": "pi-mono-nix",
        "type": "github"
      }
    },
    "pi-ai-release": {
      "flake": false,
      "locked": {
        "lastModified": 499162500,
        "narHash": "sha256-u0+6Jg5NmHzG5P6er9NXedXglwBDDG7s8a+BuYVfaHM=",
        "type": "tarball",
        "url": "https://registry.npmjs.org/@earendil-works/pi-ai/-/pi-ai-0.82.0.tgz"
      },
      "original": {
        "type": "tarball",
        "url": "https://registry.npmjs.org/@earendil-works/pi-ai/-/pi-ai-0.82.0.tgz"
      }
    },
    "pi-mono": {
      "flake": false,
      "locked": {
        "lastModified": 1784872831,
        "narHash": "sha256-oKm0nyGmRY6rlQGMODB8DteMTVUUMroy/YXPphoxrvY=",
        "owner": "earendil-works",
        "repo": "pi",
        "rev": "083e61621276bff9f6faefab87ce07fcd98734e2",
        "type": "github"
      },
      "original": {
        "owner": "earendil-works",
        "ref": "v0.82.0",
        "repo": "pi",
        "type": "github"
      }
    },
    "root": {
      "inputs": {
        "codesieve": "codesieve",
        "nixpkgs": "nixpkgs",
        "pi": "pi"
      }
    },
    "systems": {
      "locked": {
        "lastModified": 1681028828,
        "narHash": "sha256-Vy1rq5AaRuLzOxct8nz4T6wlgyUR7zLU309k9mBC768=",
        "owner": "nix-systems",
        "repo": "default",
        "rev": "da67096a3b9bf56a91d16901293e51ba5b49a27e",
        "type": "github"
      },
      "original": {
        "owner": "nix-systems",
        "repo": "default",
        "type": "github"
      }
    },
    "systems_2": {
      "locked": {
        "lastModified": 1681028828,
        "narHash": "sha256-Vy1rq5AaRuLzOxct8nz4T6wlgyUR7zLU309k9mBC768=",
        "owner": "nix-systems",
        "repo": "default",
        "rev": "da67096a3b9bf56a91d16901293e51ba5b49a27e",
        "type": "github"
      },
      "original": {
        "owner": "nix-systems",
        "repo": "default",
        "type": "github"
      }
    }
  },
  "root": "root",
  "version": 7
}
